{
    "_readme": [
        "This file locks the dependencies of your project to a known state",
        "Read more about it at https://getcomposer.org/doc/01-basic-usage.md#installing-dependencies",
        "This file is @generated automatically"
    ],
    "content-hash": "ec9555b7d96c695efa878e4cf8d1a2de",
    "packages": [
        {
            "name": "proximify/cli-actions",
            "version": "dev-master",
            "source": {
                "type": "git",
                "url": "https://github.com/Proximify/cli-actions.git",
                "reference": "77b880088f7fb03b7439c1e307f10ccb72b4ff77"
            },
            "dist": {
                "type": "zip",
                "url": "https://api.github.com/repos/Proximify/cli-actions/zipball/77b880088f7fb03b7439c1e307f10ccb72b4ff77",
                "reference": "77b880088f7fb03b7439c1e307f10ccb72b4ff77",
                "shasum": ""
            },
            "require": {
                "php": ">=7.1.0"
            },
            "type": "library",
            "autoload": {
                "psr-4": {
                    "Proximify\\": "src"
                }
            },
            "notification-url": "https://packagist.org/downloads/",
            "license": [
                "MIT"
            ],
            "authors": [
                {
                    "name": "Proximify Inc",
                    "email": "support@proximify.ca"
                }
            ],
            "description": "Command-line interface (CLI) with custom actions and interactive prompts (e.g. composer app:action argument).",
            "time": "2020-10-15T21:30:03+00:00"
        },
        {
            "name": "proximify/cli-prompter",
            "version": "1.0.6",
            "source": {
                "type": "git",
                "url": "https://github.com/Proximify/cli-prompter.git",
                "reference": "99e7d46d02b40b10b8dc7a5664cff75352cd8e3c"
            },
            "dist": {
                "type": "zip",
                "url": "https://api.github.com/repos/Proximify/cli-prompter/zipball/99e7d46d02b40b10b8dc7a5664cff75352cd8e3c",
                "reference": "99e7d46d02b40b10b8dc7a5664cff75352cd8e3c",
                "shasum": ""
            },
            "require": {
                "php": ">=7.1.0"
            },
            "type": "library",
            "autoload": {
                "psr-4": {
                    "Proximify\\": "src"
                }
            },
            "notification-url": "https://packagist.org/downloads/",
            "license": [
                "MIT"
            ],
            "authors": [
                {
                    "name": "Proximify Inc",
                    "email": "support@proximify.ca"
                }
            ],
            "description": "Create interactive command-line interfaces (CLI) for your Composer packages.",
            "time": "2020-10-11T19:33:42+00:00"
        },
        {
            "name": "proximify/foreign-packages",
            "version": "v1.0",
            "source": {
                "type": "git",
                "url": "https://github.com/Proximify/foreign-packages.git",
                "reference": "0342a7a8f8695beaa3a2f810847d274a1da0de95"
            },
            "dist": {
                "type": "zip",
                "url": "https://api.github.com/repos/Proximify/foreign-packages/zipball/0342a7a8f8695beaa3a2f810847d274a1da0de95",
                "reference": "0342a7a8f8695beaa3a2f810847d274a1da0de95",
                "shasum": ""
            },
            "require": {
                "proximify/cli-actions": "dev-master"
            },
            "type": "library",
            "autoload": {
                "psr-4": {
                    "Proximify\\": "src"
                }
            },
            "notification-url": "https://packagist.org/downloads/",
            "license": [
                "MIT"
            ],
            "authors": [
                {
                    "name": "Proximify Inc",
                    "email": "support@proximify.ca"
                }
            ],
            "description": "Install and update foreign package dependencies (NPM, Yarn, PIP, etc) when a composer project is installed or updated.",
            "time": "2020-10-12T02:25:39+00:00"
        },
        {
            "name": "symfony/polyfill-php80",
            "version": "v1.18.1",
            "source": {
                "type": "git",
                "url": "https://github.com/symfony/polyfill-php80.git",
                "reference": "d87d5766cbf48d72388a9f6b85f280c8ad51f981"
            },
            "dist": {
                "type": "zip",
                "url": "https://api.github.com/repos/symfony/polyfill-php80/zipball/d87d5766cbf48d72388a9f6b85f280c8ad51f981",
                "reference": "d87d5766cbf48d72388a9f6b85f280c8ad51f981",
                "shasum": ""
            },
            "require": {
                "php": ">=7.0.8"
            },
            "type": "library",
            "extra": {
                "branch-alias": {
                    "dev-master": "1.18-dev"
                },
                "thanks": {
                    "name": "symfony/polyfill",
                    "url": "https://github.com/symfony/polyfill"
                }
            },
            "autoload": {
                "psr-4": {
                    "Symfony\\Polyfill\\Php80\\": ""
                },
                "files": [
                    "bootstrap.php"
                ],
                "classmap": [
                    "Resources/stubs"
                ]
            },
            "notification-url": "https://packagist.org/downloads/",
            "license": [
                "MIT"
            ],
            "authors": [
                {
                    "name": "Ion Bazan",
                    "email": "ion.bazan@gmail.com"
                },
                {
                    "name": "Nicolas Grekas",
                    "email": "p@tchwork.com"
                },
                {
                    "name": "Symfony Community",
                    "homepage": "https://symfony.com/contributors"
                }
            ],
            "description": "Symfony polyfill backporting some PHP 8.0+ features to lower PHP versions",
            "homepage": "https://symfony.com",
            "keywords": [
                "compatibility",
                "polyfill",
                "portable",
                "shim"
            ],
            "time": "2020-07-14T12:35:20+00:00"
        },
        {
            "name": "symfony/process",
            "version": "v5.1.7",
            "source": {
                "type": "git",
                "url": "https://github.com/symfony/process.git",
                "reference": "d3a2e64866169586502f0cd9cab69135ad12cee9"
            },
            "dist": {
                "type": "zip",
                "url": "https://api.github.com/repos/symfony/process/zipball/d3a2e64866169586502f0cd9cab69135ad12cee9",
                "reference": "d3a2e64866169586502f0cd9cab69135ad12cee9",
                "shasum": ""
            },
            "require": {
                "php": ">=7.2.5",
                "symfony/polyfill-php80": "^1.15"
            },
            "type": "library",
            "extra": {
                "branch-alias": {
                    "dev-master": "5.1-dev"
                }
            },
            "autoload": {
                "psr-4": {
                    "Symfony\\Component\\Process\\": ""
                },
                "exclude-from-classmap": [
                    "/Tests/"
                ]
            },
            "notification-url": "https://packagist.org/downloads/",
            "license": [
                "MIT"
            ],
            "authors": [
                {
                    "name": "Fabien Potencier",
                    "email": "fabien@symfony.com"
                },
                {
                    "name": "Symfony Community",
                    "homepage": "https://symfony.com/contributors"
                }
            ],
            "description": "Symfony Process Component",
            "homepage": "https://symfony.com",
            "time": "2020-09-02T16:23:27+00:00"
        }
    ],
    "packages-dev": [],
    "aliases": [],
    "minimum-stability": "stable",
    "stability-flags": {
        "proximify/cli-actions": 20
    },
    "prefer-stable": false,
    "prefer-lowest": false,
    "platform": {
        "php": ">=7.1.0"
    },
    "platform-dev": []
}
