{
    "_readme": [
        "This file locks the dependencies of your project to a known state",
        "Read more about it at https://getcomposer.org/doc/01-basic-usage.md#installing-dependencies",
        "This file is @generated automatically"
    ],
    "content-hash": "c55fb86b98e59d40ff45923d7d0d7160",
    "packages": [
        {
            "name": "proximify/cli-actions",
            "version": "dev-master",
            "source": {
                "type": "git",
                "url": "https://github.com/Proximify/cli-actions.git",
                "reference": "394484d841bcfb7f918b68299215e024201e73d2"
            },
            "dist": {
                "type": "zip",
                "url": "https://api.github.com/repos/Proximify/cli-actions/zipball/394484d841bcfb7f918b68299215e024201e73d2",
                "reference": "394484d841bcfb7f918b68299215e024201e73d2",
                "shasum": ""
            },
            "require": {
                "php": ">=7.1.0",
                "symfony/yaml": "^5.1"
            },
            "type": "library",
            "autoload": {
                "psr-4": {
                    "Proximify\\": "src"
                }
            },
            "notification-url": "https://packagist.org/downloads/",
            "license": [
                "MIT"
            ],
            "authors": [
                {
                    "name": "Proximify Inc",
                    "email": "support@proximify.ca"
                }
            ],
            "description": "Command-line interface (CLI) with custom actions and interactive prompts (e.g. composer app:action argument).",
            "time": "2020-10-18T02:31:50+00:00"
        },
        {
            "name": "proximify/foreign-packages",
            "version": "v1.0.2",
            "source": {
                "type": "git",
                "url": "https://github.com/Proximify/foreign-packages.git",
                "reference": "e14d70176c6a8c47af6bb8a2f04d0629d2240fba"
            },
            "dist": {
                "type": "zip",
                "url": "https://api.github.com/repos/Proximify/foreign-packages/zipball/e14d70176c6a8c47af6bb8a2f04d0629d2240fba",
                "reference": "e14d70176c6a8c47af6bb8a2f04d0629d2240fba",
                "shasum": ""
            },
            "require": {
                "proximify/cli-actions": "dev-master"
            },
            "type": "library",
            "autoload": {
                "psr-4": {
                    "Proximify\\": "src"
                }
            },
            "notification-url": "https://packagist.org/downloads/",
            "license": [
                "MIT"
            ],
            "authors": [
                {
                    "name": "Proximify Inc",
                    "email": "support@proximify.ca"
                }
            ],
            "description": "Install and update foreign package dependencies (NPM, Yarn, PIP, etc) when a composer project is installed or updated.",
            "time": "2020-10-18T02:45:18+00:00"
        },
        {
            "name": "symfony/deprecation-contracts",
            "version": "dev-main",
            "source": {
                "type": "git",
                "url": "https://github.com/symfony/deprecation-contracts.git",
                "reference": "be5a36670fd7ccb6f6e03d9c9bd7345e2a9a8515"
            },
            "dist": {
                "type": "zip",
                "url": "https://api.github.com/repos/symfony/deprecation-contracts/zipball/be5a36670fd7ccb6f6e03d9c9bd7345e2a9a8515",
                "reference": "be5a36670fd7ccb6f6e03d9c9bd7345e2a9a8515",
                "shasum": ""
            },
            "require": {
                "php": ">=7.1"
            },
            "type": "library",
            "extra": {
                "branch-version": "2.3",
                "branch-alias": {
                    "dev-main": "2.3-dev"
                },
                "thanks": {
                    "name": "symfony/contracts",
                    "url": "https://github.com/symfony/contracts"
                }
            },
            "autoload": {
                "files": [
                    "function.php"
                ]
            },
            "notification-url": "https://packagist.org/downloads/",
            "license": [
                "MIT"
            ],
            "authors": [
                {
                    "name": "Nicolas Grekas",
                    "email": "p@tchwork.com"
                },
                {
                    "name": "Symfony Community",
                    "homepage": "https://symfony.com/contributors"
                }
            ],
            "description": "A generic function and convention to trigger deprecation notices",
            "homepage": "https://symfony.com",
            "time": "2020-10-14T17:08:19+00:00"
        },
        {
            "name": "symfony/polyfill-ctype",
            "version": "dev-master",
            "source": {
                "type": "git",
                "url": "https://github.com/symfony/polyfill-ctype.git",
                "reference": "1c302646f6efc070cd46856e600e5e0684d6b454"
            },
            "dist": {
                "type": "zip",
                "url": "https://api.github.com/repos/symfony/polyfill-ctype/zipball/1c302646f6efc070cd46856e600e5e0684d6b454",
                "reference": "1c302646f6efc070cd46856e600e5e0684d6b454",
                "shasum": ""
            },
            "require": {
                "php": ">=5.3.3"
            },
            "suggest": {
                "ext-ctype": "For best performance"
            },
            "type": "library",
            "extra": {
                "branch-alias": {
                    "dev-master": "1.18-dev"
                },
                "thanks": {
                    "name": "symfony/polyfill",
                    "url": "https://github.com/symfony/polyfill"
                }
            },
            "autoload": {
                "psr-4": {
                    "Symfony\\Polyfill\\Ctype\\": ""
                },
                "files": [
                    "bootstrap.php"
                ]
            },
            "notification-url": "https://packagist.org/downloads/",
            "license": [
                "MIT"
            ],
            "authors": [
                {
                    "name": "Gert de Pagter",
                    "email": "BackEndTea@gmail.com"
                },
                {
                    "name": "Symfony Community",
                    "homepage": "https://symfony.com/contributors"
                }
            ],
            "description": "Symfony polyfill for ctype functions",
            "homepage": "https://symfony.com",
            "keywords": [
                "compatibility",
                "ctype",
                "polyfill",
                "portable"
            ],
            "time": "2020-07-14T12:35:20+00:00"
        },
        {
            "name": "symfony/yaml",
            "version": "5.x-dev",
            "source": {
                "type": "git",
                "url": "https://github.com/symfony/yaml.git",
                "reference": "28ab1c87ffd653dc77e84581fed890c65dcafc19"
            },
            "dist": {
                "type": "zip",
                "url": "https://api.github.com/repos/symfony/yaml/zipball/28ab1c87ffd653dc77e84581fed890c65dcafc19",
                "reference": "28ab1c87ffd653dc77e84581fed890c65dcafc19",
                "shasum": ""
            },
            "require": {
                "php": ">=7.2.5",
                "symfony/deprecation-contracts": "^2.1",
                "symfony/polyfill-ctype": "~1.8"
            },
            "conflict": {
                "symfony/console": "<4.4"
            },
            "require-dev": {
                "symfony/console": "^4.4|^5.0"
            },
            "suggest": {
                "symfony/console": "For validating YAML files using the lint command"
            },
            "bin": [
                "Resources/bin/yaml-lint"
            ],
            "type": "library",
            "extra": {
                "branch-version": "5.2"
            },
            "autoload": {
                "psr-4": {
                    "Symfony\\Component\\Yaml\\": ""
                },
                "exclude-from-classmap": [
                    "/Tests/"
                ]
            },
            "notification-url": "https://packagist.org/downloads/",
            "license": [
                "MIT"
            ],
            "authors": [
                {
                    "name": "Fabien Potencier",
                    "email": "fabien@symfony.com"
                },
                {
                    "name": "Symfony Community",
                    "homepage": "https://symfony.com/contributors"
                }
            ],
            "description": "Symfony Yaml Component",
            "homepage": "https://symfony.com",
            "time": "2020-10-14T17:08:19+00:00"
        }
    ],
    "packages-dev": [],
    "aliases": [],
    "minimum-stability": "dev",
    "stability-flags": {
        "proximify/cli-actions": 20
    },
    "prefer-stable": false,
    "prefer-lowest": false,
    "platform": {
        "php": ">=7.1.0"
    },
    "platform-dev": []
}
